<?xml version="1.0" encoding="utf-8"?>
<Project ToolsVersion="4.0" xmlns="http://schemas.microsoft.com/developer/msbuild/2003">
  <ItemGroup>
    <Filter Include="Resource Files">
      <UniqueIdentifier>{67DA6AB6-F800-4c08-8B7A-83BB121AAD01}</UniqueIdentifier>
      <Extensions>rc;ico;cur;bmp;dlg;rc2;rct;bin;rgs;gif;jpg;jpeg;jpe;resx;tiff;tif;png;wav;mfcribbon-ms</Extensions>
    </Filter>
    <Filter Include="Memory">
      <UniqueIdentifier>{daada89e-016b-4143-9353-1b298e53ba9d}</UniqueIdentifier>
    </Filter>
    <Filter Include="Memory\Hooks">
      <UniqueIdentifier>{8f6ccbc4-5bf4-41b9-ac04-690c1a876a95}</UniqueIdentifier>
    </Filter>
    <Filter Include="Game">
      <UniqueIdentifier>{b000c574-33b6-48ac-83d2-3f04247bd7d0}</UniqueIdentifier>
    </Filter>
    <Filter Include="Game\Hacks">
      <UniqueIdentifier>{965aa8c4-de44-4a64-9fd4-3c1bf4e4765a}</UniqueIdentifier>
    </Filter>
    <Filter Include="Game\Entity">
      <UniqueIdentifier>{4fb1b12f-f993-4af6-a10e-ceef10f0c940}</UniqueIdentifier>
    </Filter>
  </ItemGroup>
  <ItemGroup>
    <ClInclude Include="targetver.h">
      <Filter>Resource Files</Filter>
    </ClInclude>
    <ClInclude Include="stdafx.h">
      <Filter>Resource Files</Filter>
    </ClInclude>
    <ClInclude Include="Offsets.h">
      <Filter>Game</Filter>
    </ClInclude>
    <ClInclude Include="Entity.hpp">
      <Filter>Game\Entity</Filter>
    </ClInclude>
    <ClInclude Include="Game.hpp">
      <Filter>Game</Filter>
    </ClInclude>
    <ClInclude Include="Triggerbot.hpp">
      <Filter>Game\Hacks</Filter>
    </ClInclude>
    <ClInclude Include="Hook.hpp">
      <Filter>Memory\Hooks</Filter>
    </ClInclude>
    <ClInclude Include="Memory.hpp">
      <Filter>Memory</Filter>
    </ClInclude>
  </ItemGroup>
  <ItemGroup>
    <ClCompile Include="Memory.cpp">
      <Filter>Memory</Filter>
    </ClCompile>
    <ClCompile Include="Hook.cpp">
      <Filter>Memory\Hooks</Filter>
    </ClCompile>
    <ClCompile Include="stdafx.cpp">
      <Filter>Resource Files</Filter>
    </ClCompile>
    <ClCompile Include="Game.cpp">
      <Filter>Game</Filter>
    </ClCompile>
    <ClCompile Include="dllmain.cpp" />
    <ClCompile Include="Triggerbot.cpp">
      <Filter>Game\Hacks</Filter>
    </ClCompile>
    <ClCompile Include="Entity.cpp">
      <Filter>Game\Entity</Filter>
    </ClCompile>
  </ItemGroup>
</Project>